// !$*UTF8*$!
{
	archiveVersion = 1;
	classes = {
	};
	objectVersion = 48;
	objects = {

/* Begin PBXBuildFile section */
		25145F46257628669BF80A9B /* libPods-SchedulerTests.a in Frameworks */ = {isa = PBXBuildFile; fileRef = 8F9DD09910434B7CAF69F6AB /* libPods-SchedulerTests.a */; };
		8809C024C02AF28257817F57 /* libPods-SchedulerUITests.a in Frameworks */ = {isa = PBXBuildFile; fileRef = 8FE15E7C734BFA0F1CDF93D6 /* libPods-SchedulerUITests.a */; };
		9EB7002A6ED3E5AC5B5F5A26 /* libPods-Scheduler.a in Frameworks */ = {isa = PBXBuildFile; fileRef = 3655ECD30F0E71CA4770DF8A /* libPods-Scheduler.a */; };
		A31F0D96214B307C00BA4C55 /* AppDelegate.m in Sources */ = {isa = PBXBuildFile; fileRef = A31F0D95214B307C00BA4C55 /* AppDelegate.m */; };
		A31F0D99214B307C00BA4C55 /* ViewController.m in Sources */ = {isa = PBXBuildFile; fileRef = A31F0D98214B307C00BA4C55 /* ViewController.m */; };
		A31F0D9C214B307C00BA4C55 /* Main.storyboard in Resources */ = {isa = PBXBuildFile; fileRef = A31F0D9A214B307C00BA4C55 /* Main.storyboard */; };
		A31F0D9E214B307C00BA4C55 /* Assets.xcassets in Resources */ = {isa = PBXBuildFile; fileRef = A31F0D9D214B307C00BA4C55 /* Assets.xcassets */; };
		A31F0DA1214B307C00BA4C55 /* LaunchScreen.storyboard in Resources */ = {isa = PBXBuildFile; fileRef = A31F0D9F214B307C00BA4C55 /* LaunchScreen.storyboard */; };
		A31F0DA4214B307C00BA4C55 /* main.m in Sources */ = {isa = PBXBuildFile; fileRef = A31F0DA3214B307C00BA4C55 /* main.m */; };
		A31F0DAE214B307C00BA4C55 /* SchedulerTests.m in Sources */ = {isa = PBXBuildFile; fileRef = A31F0DAD214B307C00BA4C55 /* SchedulerTests.m */; };
		A31F0DB9214B307C00BA4C55 /* SchedulerUITests.m in Sources */ = {isa = PBXBuildFile; fileRef = A31F0DB8214B307C00BA4C55 /* SchedulerUITests.m */; };
		A373DD03214D728500306446 /* Podfile in Resources */ = {isa = PBXBuildFile; fileRef = A373DD02214D728500306446 /* Podfile */; };
		A393C37C214C22C200D4BCAB /* AddViewController.m in Sources */ = {isa = PBXBuildFile; fileRef = A393C37B214C22C200D4BCAB /* AddViewController.m */; };
/* End PBXBuildFile section */

/* Begin PBXContainerItemProxy section */
		A31F0DAA214B307C00BA4C55 /* PBXContainerItemProxy */ = {
			isa = PBXContainerItemProxy;
			containerPortal = A31F0D89214B307C00BA4C55 /* Project object */;
			proxyType = 1;
			remoteGlobalIDString = A31F0D90214B307C00BA4C55;
			remoteInfo = Scheduler;
		};
		A31F0DB5214B307C00BA4C55 /* PBXContainerItemProxy */ = {
			isa = PBXContainerItemProxy;
			containerPortal = A31F0D89214B307C00BA4C55 /* Project object */;
			proxyType = 1;
			remoteGlobalIDString = A31F0D90214B307C00BA4C55;
			remoteInfo = Scheduler;
		};
/* End PBXContainerItemProxy section */

/* Begin PBXFileReference section */
		25F8717646811C8B6AC25EB4 /* Pods-SchedulerTests.release.xcconfig */ = {isa = PBXFileReference; includeInIndex = 1; lastKnownFileType = text.xcconfig; name = "Pods-SchedulerTests.release.xcconfig"; path = "Pods/Target Support Files/Pods-SchedulerTests/Pods-SchedulerTests.release.xcconfig"; sourceTree = "<group>"; };
		3655ECD30F0E71CA4770DF8A /* libPods-Scheduler.a */ = {isa = PBXFileReference; explicitFileType = archive.ar; includeInIndex = 0; path = "libPods-Scheduler.a"; sourceTree = BUILT_PRODUCTS_DIR; };
		4228D73EDA216B4514CE974E /* Pods-SchedulerUITests.debug.xcconfig */ = {isa = PBXFileReference; includeInIndex = 1; lastKnownFileType = text.xcconfig; name = "Pods-SchedulerUITests.debug.xcconfig"; path = "Pods/Target Support Files/Pods-SchedulerUITests/Pods-SchedulerUITests.debug.xcconfig"; sourceTree = "<group>"; };
		45420CC918DF59946451ADFE /* Pods-Scheduler.release.xcconfig */ = {isa = PBXFileReference; includeInIndex = 1; lastKnownFileType = text.xcconfig; name = "Pods-Scheduler.release.xcconfig"; path = "Pods/Target Support Files/Pods-Scheduler/Pods-Scheduler.release.xcconfig"; sourceTree = "<group>"; };
		4F1BB08F2F90E599E52D7284 /* Pods-Scheduler.debug.xcconfig */ = {isa = PBXFileReference; includeInIndex = 1; lastKnownFileType = text.xcconfig; name = "Pods-Scheduler.debug.xcconfig"; path = "Pods/Target Support Files/Pods-Scheduler/Pods-Scheduler.debug.xcconfig"; sourceTree = "<group>"; };
		730E15D81A631006C3322090 /* Pods-SchedulerUITests.release.xcconfig */ = {isa = PBXFileReference; includeInIndex = 1; lastKnownFileType = text.xcconfig; name = "Pods-SchedulerUITests.release.xcconfig"; path = "Pods/Target Support Files/Pods-SchedulerUITests/Pods-SchedulerUITests.release.xcconfig"; sourceTree = "<group>"; };
		77E9B279E5C74FEAAF73C6AE /* Pods-SchedulerTests.debug.xcconfig */ = {isa = PBXFileReference; includeInIndex = 1; lastKnownFileType = text.xcconfig; name = "Pods-SchedulerTests.debug.xcconfig"; path = "Pods/Target Support Files/Pods-SchedulerTests/Pods-SchedulerTests.debug.xcconfig"; sourceTree = "<group>"; };
		8F9DD09910434B7CAF69F6AB /* libPods-SchedulerTests.a */ = {isa = PBXFileReference; explicitFileType = archive.ar; includeInIndex = 0; path = "libPods-SchedulerTests.a"; sourceTree = BUILT_PRODUCTS_DIR; };
		8FE15E7C734BFA0F1CDF93D6 /* libPods-SchedulerUITests.a */ = {isa = PBXFileReference; explicitFileType = archive.ar; includeInIndex = 0; path = "libPods-SchedulerUITests.a"; sourceTree = BUILT_PRODUCTS_DIR; };
		A31F0D91214B307C00BA4C55 /* Scheduler.app */ = {isa = PBXFileReference; explicitFileType = wrapper.application; includeInIndex = 0; path = Scheduler.app; sourceTree = BUILT_PRODUCTS_DIR; };
		A31F0D94214B307C00BA4C55 /* AppDelegate.h */ = {isa = PBXFileReference; lastKnownFileType = sourcecode.c.h; path = AppDelegate.h; sourceTree = "<group>"; };
		A31F0D95214B307C00BA4C55 /* AppDelegate.m */ = {isa = PBXFileReference; lastKnownFileType = sourcecode.c.objc; path = AppDelegate.m; sourceTree = "<group>"; };
		A31F0D97214B307C00BA4C55 /* ViewController.h */ = {isa = PBXFileReference; lastKnownFileType = sourcecode.c.h; path = ViewController.h; sourceTree = "<group>"; };
		A31F0D98214B307C00BA4C55 /* ViewController.m */ = {isa = PBXFileReference; lastKnownFileType = sourcecode.c.objc; path = ViewController.m; sourceTree = "<group>"; };
		A31F0D9B214B307C00BA4C55 /* Base */ = {isa = PBXFileReference; lastKnownFileType = file.storyboard; name = Base; path = Base.lproj/Main.storyboard; sourceTree = "<group>"; };
		A31F0D9D214B307C00BA4C55 /* Assets.xcassets */ = {isa = PBXFileReference; lastKnownFileType = folder.assetcatalog; path = Assets.xcassets; sourceTree = "<group>"; };
		A31F0DA0214B307C00BA4C55 /* Base */ = {isa = PBXFileReference; lastKnownFileType = file.storyboard; name = Base; path = Base.lproj/LaunchScreen.storyboard; sourceTree = "<group>"; };
		A31F0DA2214B307C00BA4C55 /* Info.plist */ = {isa = PBXFileReference; lastKnownFileType = text.plist.xml; path = Info.plist; sourceTree = "<group>"; };
		A31F0DA3214B307C00BA4C55 /* main.m */ = {isa = PBXFileReference; lastKnownFileType = sourcecode.c.objc; path = main.m; sourceTree = "<group>"; };
		A31F0DA9214B307C00BA4C55 /* SchedulerTests.xctest */ = {isa = PBXFileReference; explicitFileType = wrapper.cfbundle; includeInIndex = 0; path = SchedulerTests.xctest; sourceTree = BUILT_PRODUCTS_DIR; };
		A31F0DAD214B307C00BA4C55 /* SchedulerTests.m */ = {isa = PBXFileReference; lastKnownFileType = sourcecode.c.objc; path = SchedulerTests.m; sourceTree = "<group>"; };
		A31F0DAF214B307C00BA4C55 /* Info.plist */ = {isa = PBXFileReference; lastKnownFileType = text.plist.xml; path = Info.plist; sourceTree = "<group>"; };
		A31F0DB4214B307C00BA4C55 /* SchedulerUITests.xctest */ = {isa = PBXFileReference; explicitFileType = wrapper.cfbundle; includeInIndex = 0; path = SchedulerUITests.xctest; sourceTree = BUILT_PRODUCTS_DIR; };
		A31F0DB8214B307C00BA4C55 /* SchedulerUITests.m */ = {isa = PBXFileReference; lastKnownFileType = sourcecode.c.objc; path = SchedulerUITests.m; sourceTree = "<group>"; };
		A31F0DBA214B307C00BA4C55 /* Info.plist */ = {isa = PBXFileReference; lastKnownFileType = text.plist.xml; path = Info.plist; sourceTree = "<group>"; };
		A373DD02214D728500306446 /* Podfile */ = {isa = PBXFileReference; fileEncoding = 4; lastKnownFileType = text; path = Podfile; sourceTree = "<group>"; xcLanguageSpecificationIdentifier = xcode.lang.ruby; };
		A393C37A214C22C200D4BCAB /* AddViewController.h */ = {isa = PBXFileReference; lastKnownFileType = sourcecode.c.h; path = AddViewController.h; sourceTree = "<group>"; };
		A393C37B214C22C200D4BCAB /* AddViewController.m */ = {isa = PBXFileReference; lastKnownFileType = sourcecode.c.objc; path = AddViewController.m; sourceTree = "<group>"; };
/* End PBXFileReference section */

/* Begin PBXFrameworksBuildPhase section */
		A31F0D8E214B307C00BA4C55 /* Frameworks */ = {
			isa = PBXFrameworksBuildPhase;
			buildActionMask = 2147483647;
			files = (
				9EB7002A6ED3E5AC5B5F5A26 /* libPods-Scheduler.a in Frameworks */,
			);
			runOnlyForDeploymentPostprocessing = 0;
		};
		A31F0DA6214B307C00BA4C55 /* Frameworks */ = {
			isa = PBXFrameworksBuildPhase;
			buildActionMask = 2147483647;
			files = (
				25145F46257628669BF80A9B /* libPods-SchedulerTests.a in Frameworks */,
			);
			runOnlyForDeploymentPostprocessing = 0;
		};
		A31F0DB1214B307C00BA4C55 /* Frameworks */ = {
			isa = PBXFrameworksBuildPhase;
			buildActionMask = 2147483647;
			files = (
				8809C024C02AF28257817F57 /* libPods-SchedulerUITests.a in Frameworks */,
			);
			runOnlyForDeploymentPostprocessing = 0;
		};
/* End PBXFrameworksBuildPhase section */

/* Begin PBXGroup section */
		48CC28CA6C8C09CC5A4D4667 /* Pods */ = {
			isa = PBXGroup;
			children = (
				4F1BB08F2F90E599E52D7284 /* Pods-Scheduler.debug.xcconfig */,
				45420CC918DF59946451ADFE /* Pods-Scheduler.release.xcconfig */,
				77E9B279E5C74FEAAF73C6AE /* Pods-SchedulerTests.debug.xcconfig */,
				25F8717646811C8B6AC25EB4 /* Pods-SchedulerTests.release.xcconfig */,
				4228D73EDA216B4514CE974E /* Pods-SchedulerUITests.debug.xcconfig */,
				730E15D81A631006C3322090 /* Pods-SchedulerUITests.release.xcconfig */,
			);
			name = Pods;
			sourceTree = "<group>";
		};
		528AE4938DC7A1308B3B03F4 /* Frameworks */ = {
			isa = PBXGroup;
			children = (
				3655ECD30F0E71CA4770DF8A /* libPods-Scheduler.a */,
				8F9DD09910434B7CAF69F6AB /* libPods-SchedulerTests.a */,
				8FE15E7C734BFA0F1CDF93D6 /* libPods-SchedulerUITests.a */,
			);
			name = Frameworks;
			sourceTree = "<group>";
		};
		A31F0D88214B307C00BA4C55 = {
			isa = PBXGroup;
			children = (
				A393C37A214C22C200D4BCAB /* AddViewController.h */,
				A393C37B214C22C200D4BCAB /* AddViewController.m */,
				A31F0D93214B307C00BA4C55 /* Scheduler */,
				A31F0DAC214B307C00BA4C55 /* SchedulerTests */,
				A31F0DB7214B307C00BA4C55 /* SchedulerUITests */,
				A31F0D92214B307C00BA4C55 /* Products */,
				A373DD02214D728500306446 /* Podfile */,
				48CC28CA6C8C09CC5A4D4667 /* Pods */,
				528AE4938DC7A1308B3B03F4 /* Frameworks */,
			);
			sourceTree = "<group>";
		};
		A31F0D92214B307C00BA4C55 /* Products */ = {
			isa = PBXGroup;
			children = (
				A31F0D91214B307C00BA4C55 /* Scheduler.app */,
				A31F0DA9214B307C00BA4C55 /* SchedulerTests.xctest */,
				A31F0DB4214B307C00BA4C55 /* SchedulerUITests.xctest */,
			);
			name = Products;
			sourceTree = "<group>";
		};
		A31F0D93214B307C00BA4C55 /* Scheduler */ = {
			isa = PBXGroup;
			children = (
				A31F0D94214B307C00BA4C55 /* AppDelegate.h */,
				A31F0D95214B307C00BA4C55 /* AppDelegate.m */,
				A31F0D97214B307C00BA4C55 /* ViewController.h */,
				A31F0D98214B307C00BA4C55 /* ViewController.m */,
				A31F0D9A214B307C00BA4C55 /* Main.storyboard */,
				A31F0D9D214B307C00BA4C55 /* Assets.xcassets */,
				A31F0D9F214B307C00BA4C55 /* LaunchScreen.storyboard */,
				A31F0DA2214B307C00BA4C55 /* Info.plist */,
				A31F0DA3214B307C00BA4C55 /* main.m */,
			);
			path = Scheduler;
			sourceTree = "<group>";
		};
		A31F0DAC214B307C00BA4C55 /* SchedulerTests */ = {
			isa = PBXGroup;
			children = (
				A31F0DAD214B307C00BA4C55 /* SchedulerTests.m */,
				A31F0DAF214B307C00BA4C55 /* Info.plist */,
			);
			path = SchedulerTests;
			sourceTree = "<group>";
		};
		A31F0DB7214B307C00BA4C55 /* SchedulerUITests */ = {
			isa = PBXGroup;
			children = (
				A31F0DB8214B307C00BA4C55 /* SchedulerUITests.m */,
				A31F0DBA214B307C00BA4C55 /* Info.plist */,
			);
			path = SchedulerUITests;
			sourceTree = "<group>";
		};
/* End PBXGroup section */

/* Begin PBXNativeTarget section */
		A31F0D90214B307C00BA4C55 /* Scheduler */ = {
			isa = PBXNativeTarget;
			buildConfigurationList = A31F0DBD214B307C00BA4C55 /* Build configuration list for PBXNativeTarget "Scheduler" */;
			buildPhases = (
				9BB770D60C918FB5A6B8A7E2 /* [CP] Check Pods Manifest.lock */,
				A31F0D8D214B307C00BA4C55 /* Sources */,
				A31F0D8E214B307C00BA4C55 /* Frameworks */,
				A31F0D8F214B307C00BA4C55 /* Resources */,
				2FE486528274BB088C27F075 /* [CP] Copy Pods Resources */,
			);
			buildRules = (
			);
			dependencies = (
			);
			name = Scheduler;
			productName = Scheduler;
			productReference = A31F0D91214B307C00BA4C55 /* Scheduler.app */;
			productType = "com.apple.product-type.application";
		};
		A31F0DA8214B307C00BA4C55 /* SchedulerTests */ = {
			isa = PBXNativeTarget;
			buildConfigurationList = A31F0DC0214B307C00BA4C55 /* Build configuration list for PBXNativeTarget "SchedulerTests" */;
			buildPhases = (
				F5DD1B7B81CDC590E9B36068 /* [CP] Check Pods Manifest.lock */,
				A31F0DA5214B307C00BA4C55 /* Sources */,
				A31F0DA6214B307C00BA4C55 /* Frameworks */,
				A31F0DA7214B307C00BA4C55 /* Resources */,
			);
			buildRules = (
			);
			dependencies = (
				A31F0DAB214B307C00BA4C55 /* PBXTargetDependency */,
			);
			name = SchedulerTests;
			productName = SchedulerTests;
			productReference = A31F0DA9214B307C00BA4C55 /* SchedulerTests.xctest */;
			productType = "com.apple.product-type.bundle.unit-test";
		};
		A31F0DB3214B307C00BA4C55 /* SchedulerUITests */ = {
			isa = PBXNativeTarget;
			buildConfigurationList = A31F0DC3214B307C00BA4C55 /* Build configuration list for PBXNativeTarget "SchedulerUITests" */;
			buildPhases = (
				8B4827B5D1ECB293701398A4 /* [CP] Check Pods Manifest.lock */,
				A31F0DB0214B307C00BA4C55 /* Sources */,
				A31F0DB1214B307C00BA4C55 /* Frameworks */,
				A31F0DB2214B307C00BA4C55 /* Resources */,
			);
			buildRules = (
			);
			dependencies = (
				A31F0DB6214B307C00BA4C55 /* PBXTargetDependency */,
			);
			name = SchedulerUITests;
			productName = SchedulerUITests;
			productReference = A31F0DB4214B307C00BA4C55 /* SchedulerUITests.xctest */;
			productType = "com.apple.product-type.bundle.ui-testing";
		};
/* End PBXNativeTarget section */

/* Begin PBXProject section */
		A31F0D89214B307C00BA4C55 /* Project object */ = {
			isa = PBXProject;
			attributes = {
				LastUpgradeCheck = 0920;
				ORGANIZATIONNAME = "Ruy Gonzalez";
				TargetAttributes = {
					A31F0D90214B307C00BA4C55 = {
						CreatedOnToolsVersion = 9.2;
						ProvisioningStyle = Automatic;
					};
					A31F0DA8214B307C00BA4C55 = {
						CreatedOnToolsVersion = 9.2;
						ProvisioningStyle = Automatic;
						TestTargetID = A31F0D90214B307C00BA4C55;
					};
					A31F0DB3214B307C00BA4C55 = {
						CreatedOnToolsVersion = 9.2;
						ProvisioningStyle = Automatic;
						TestTargetID = A31F0D90214B307C00BA4C55;
					};
				};
			};
			buildConfigurationList = A31F0D8C214B307C00BA4C55 /* Build configuration list for PBXProject "Scheduler" */;
			compatibilityVersion = "Xcode 8.0";
			developmentRegion = en;
			hasScannedForEncodings = 0;
			knownRegions = (
				en,
				Base,
			);
			mainGroup = A31F0D88214B307C00BA4C55;
			productRefGroup = A31F0D92214B307C00BA4C55 /* Products */;
			projectDirPath = "";
			projectRoot = "";
			targets = (
				A31F0D90214B307C00BA4C55 /* Scheduler */,
				A31F0DA8214B307C00BA4C55 /* SchedulerTests */,
				A31F0DB3214B307C00BA4C55 /* SchedulerUITests */,
			);
		};
/* End PBXProject section */

/* Begin PBXResourcesBuildPhase section */
		A31F0D8F214B307C00BA4C55 /* Resources */ = {
			isa = PBXResourcesBuildPhase;
			buildActionMask = 2147483647;
			files = (
				A31F0DA1214B307C00BA4C55 /* LaunchScreen.storyboard in Resources */,
				A31F0D9E214B307C00BA4C55 /* Assets.xcassets in Resources */,
				A373DD03214D728500306446 /* Podfile in Resources */,
				A31F0D9C214B307C00BA4C55 /* Main.storyboard in Resources */,
			);
			runOnlyForDeploymentPostprocessing = 0;
		};
		A31F0DA7214B307C00BA4C55 /* Resources */ = {
			isa = PBXResourcesBuildPhase;
			buildActionMask = 2147483647;
			files = (
			);
			runOnlyForDeploymentPostprocessing = 0;
		};
		A31F0DB2214B307C00BA4C55 /* Resources */ = {
			isa = PBXResourcesBuildPhase;
			buildActionMask = 2147483647;
			files = (
			);
			runOnlyForDeploymentPostprocessing = 0;
		};
/* End PBXResourcesBuildPhase section */

/* Begin PBXShellScriptBuildPhase section */
		2FE486528274BB088C27F075 /* [CP] Copy Pods Resources */ = {
			isa = PBXShellScriptBuildPhase;
			buildActionMask = 2147483647;
			files = (
			);
			inputPaths = (
				"${SRCROOT}/Pods/Target Support Files/Pods-Scheduler/Pods-Scheduler-resources.sh",
				"${PODS_CONFIGURATION_BUILD_DIR}/Parse/Parse.bundle",
			);
			name = "[CP] Copy Pods Resources";
			outputPaths = (
				"${TARGET_BUILD_DIR}/${UNLOCALIZED_RESOURCES_FOLDER_PATH}/Parse.bundle",
			);
			runOnlyForDeploymentPostprocessing = 0;
			shellPath = /bin/sh;
			shellScript = "\"${SRCROOT}/Pods/Target Support Files/Pods-Scheduler/Pods-Scheduler-resources.sh\"\n";
			showEnvVarsInLog = 0;
		};
		8B4827B5D1ECB293701398A4 /* [CP] Check Pods Manifest.lock */ = {
			isa = PBXShellScriptBuildPhase;
			buildActionMask = 2147483647;
			files = (
			);
			inputPaths = (
				"${PODS_PODFILE_DIR_PATH}/Podfile.lock",
				"${PODS_ROOT}/Manifest.lock",
			);
			name = "[CP] Check Pods Manifest.lock";
			outputPaths = (
				"$(DERIVED_FILE_DIR)/Pods-SchedulerUITests-checkManifestLockResult.txt",
			);
			runOnlyForDeploymentPostprocessing = 0;
			shellPath = /bin/sh;
			shellScript = "diff \"${PODS_PODFILE_DIR_PATH}/Podfile.lock\" \"${PODS_ROOT}/Manifest.lock\" > /dev/null\nif [ $? != 0 ] ; then\n    # print error to STDERR\n    echo \"error: The sandbox is not in sync with the Podfile.lock. Run 'pod install' or update your CocoaPods installation.\" >&2\n    exit 1\nfi\n# This output is used by Xcode 'outputs' to avoid re-running this script phase.\necho \"SUCCESS\" > \"${SCRIPT_OUTPUT_FILE_0}\"\n";
			showEnvVarsInLog = 0;
		};
		9BB770D60C918FB5A6B8A7E2 /* [CP] Check Pods Manifest.lock */ = {
			isa = PBXShellScriptBuildPhase;
			buildActionMask = 2147483647;
			files = (
			);
			inputPaths = (
				"${PODS_PODFILE_DIR_PATH}/Podfile.lock",
				"${PODS_ROOT}/Manifest.lock",
			);
			name = "[CP] Check Pods Manifest.lock";
			outputPaths = (
				"$(DERIVED_FILE_DIR)/Pods-Scheduler-checkManifestLockResult.txt",
			);
			runOnlyForDeploymentPostprocessing = 0;
			shellPath = /bin/sh;
			shellScript = "diff \"${PODS_PODFILE_DIR_PATH}/Podfile.lock\" \"${PODS_ROOT}/Manifest.lock\" > /dev/null\nif [ $? != 0 ] ; then\n    # print error to STDERR\n    echo \"error: The sandbox is not in sync with the Podfile.lock. Run 'pod install' or update your CocoaPods installation.\" >&2\n    exit 1\nfi\n# This output is used by Xcode 'outputs' to avoid re-running this script phase.\necho \"SUCCESS\" > \"${SCRIPT_OUTPUT_FILE_0}\"\n";
			showEnvVarsInLog = 0;
		};
		F5DD1B7B81CDC590E9B36068 /* [CP] Check Pods Manifest.lock */ = {
			isa = PBXShellScriptBuildPhase;
			buildActionMask = 2147483647;
			files = (
			);
			inputPaths = (
				"${PODS_PODFILE_DIR_PATH}/Podfile.lock",
				"${PODS_ROOT}/Manifest.lock",
			);
			name = "[CP] Check Pods Manifest.lock";
			outputPaths = (
				"$(DERIVED_FILE_DIR)/Pods-SchedulerTests-checkManifestLockResult.txt",
			);
			runOnlyForDeploymentPostprocessing = 0;
			shellPath = /bin/sh;
			shellScript = "diff \"${PODS_PODFILE_DIR_PATH}/Podfile.lock\" \"${PODS_ROOT}/Manifest.lock\" > /dev/null\nif [ $? != 0 ] ; then\n    # print error to STDERR\n    echo \"error: The sandbox is not in sync with the Podfile.lock. Run 'pod install' or update your CocoaPods installation.\" >&2\n    exit 1\nfi\n# This output is used by Xcode 'outputs' to avoid re-running this script phase.\necho \"SUCCESS\" > \"${SCRIPT_OUTPUT_FILE_0}\"\n";
			showEnvVarsInLog = 0;
		};
/* End PBXShellScriptBuildPhase section */

/* Begin PBXSourcesBuildPhase section */
		A31F0D8D214B307C00BA4C55 /* Sources */ = {
			isa = PBXSourcesBuildPhase;
			buildActionMask = 2147483647;
			files = (
				A31F0D99214B307C00BA4C55 /* ViewController.m in Sources */,
				A31F0DA4214B307C00BA4C55 /* main.m in Sources */,
				A393C37C214C22C200D4BCAB /* AddViewController.m in Sources */,
				A31F0D96214B307C00BA4C55 /* AppDelegate.m in Sources */,
			);
			runOnlyForDeploymentPostprocessing = 0;
		};
		A31F0DA5214B307C00BA4C55 /* Sources */ = {
			isa = PBXSourcesBuildPhase;
			buildActionMask = 2147483647;
			files = (
				A31F0DAE214B307C00BA4C55 /* SchedulerTests.m in Sources */,
			);
			runOnlyForDeploymentPostprocessing = 0;
		};
		A31F0DB0214B307C00BA4C55 /* Sources */ = {
			isa = PBXSourcesBuildPhase;
			buildActionMask = 2147483647;
			files = (
				A31F0DB9214B307C00BA4C55 /* SchedulerUITests.m in Sources */,
			);
			runOnlyForDeploymentPostprocessing = 0;
		};
/* End PBXSourcesBuildPhase section */

/* Begin PBXTargetDependency section */
		A31F0DAB214B307C00BA4C55 /* PBXTargetDependency */ = {
			isa = PBXTargetDependency;
			target = A31F0D90214B307C00BA4C55 /* Scheduler */;
			targetProxy = A31F0DAA214B307C00BA4C55 /* PBXContainerItemProxy */;
		};
		A31F0DB6214B307C00BA4C55 /* PBXTargetDependency */ = {
			isa = PBXTargetDependency;
			target = A31F0D90214B307C00BA4C55 /* Scheduler */;
			targetProxy = A31F0DB5214B307C00BA4C55 /* PBXContainerItemProxy */;
		};
/* End PBXTargetDependency section */

/* Begin PBXVariantGroup section */
		A31F0D9A214B307C00BA4C55 /* Main.storyboard */ = {
			isa = PBXVariantGroup;
			children = (
				A31F0D9B214B307C00BA4C55 /* Base */,
			);
			name = Main.storyboard;
			sourceTree = "<group>";
		};
		A31F0D9F214B307C00BA4C55 /* LaunchScreen.storyboard */ = {
			isa = PBXVariantGroup;
			children = (
				A31F0DA0214B307C00BA4C55 /* Base */,
			);
			name = LaunchScreen.storyboard;
			sourceTree = "<group>";
		};
/* End PBXVariantGroup section */

/* Begin XCBuildConfiguration section */
		A31F0DBB214B307C00BA4C55 /* Debug */ = {
			isa = XCBuildConfiguration;
			buildSettings = {
				ALWAYS_SEARCH_USER_PATHS = NO;
				CLANG_ANALYZER_NONNULL = YES;
				CLANG_ANALYZER_NUMBER_OBJECT_CONVERSION = YES_AGGRESSIVE;
				CLANG_CXX_LANGUAGE_STANDARD = "gnu++14";
				CLANG_CXX_LIBRARY = "libc++";
				CLANG_ENABLE_MODULES = YES;
				CLANG_ENABLE_OBJC_ARC = YES;
				CLANG_WARN_BLOCK_CAPTURE_AUTORELEASING = YES;
				CLANG_WARN_BOOL_CONVERSION = YES;
				CLANG_WARN_COMMA = YES;
				CLANG_WARN_CONSTANT_CONVERSION = YES;
				CLANG_WARN_DIRECT_OBJC_ISA_USAGE = YES_ERROR;
				CLANG_WARN_DOCUMENTATION_COMMENTS = YES;
				CLANG_WARN_EMPTY_BODY = YES;
				CLANG_WARN_ENUM_CONVERSION = YES;
				CLANG_WARN_INFINITE_RECURSION = YES;
				CLANG_WARN_INT_CONVERSION = YES;
				CLANG_WARN_NON_LITERAL_NULL_CONVERSION = YES;
				CLANG_WARN_OBJC_LITERAL_CONVERSION = YES;
				CLANG_WARN_OBJC_ROOT_CLASS = YES_ERROR;
				CLANG_WARN_RANGE_LOOP_ANALYSIS = YES;
				CLANG_WARN_STRICT_PROTOTYPES = YES;
				CLANG_WARN_SUSPICIOUS_MOVE = YES;
				CLANG_WARN_UNGUARDED_AVAILABILITY = YES_AGGRESSIVE;
				CLANG_WARN_UNREACHABLE_CODE = YES;
				CLANG_WARN__DUPLICATE_METHOD_MATCH = YES;
				CODE_SIGN_IDENTITY = "iPhone Developer";
				COPY_PHASE_STRIP = NO;
				DEBUG_INFORMATION_FORMAT = dwarf;
				ENABLE_STRICT_OBJC_MSGSEND = YES;
				ENABLE_TESTABILITY = YES;
				GCC_C_LANGUAGE_STANDARD = gnu11;
				GCC_DYNAMIC_NO_PIC = NO;
				GCC_NO_COMMON_BLOCKS = YES;
				GCC_OPTIMIZATION_LEVEL = 0;
				GCC_PREPROCESSOR_DEFINITIONS = (
					"DEBUG=1",
					"$(inherited)",
				);
				GCC_WARN_64_TO_32_BIT_CONVERSION = YES;
				GCC_WARN_ABOUT_RETURN_TYPE = YES_ERROR;
				GCC_WARN_UNDECLARED_SELECTOR = YES;
				GCC_WARN_UNINITIALIZED_AUTOS = YES_AGGRESSIVE;
				GCC_WARN_UNUSED_FUNCTION = YES;
				GCC_WARN_UNUSED_VARIABLE = YES;
				IPHONEOS_DEPLOYMENT_TARGET = 11.2;
				MTL_ENABLE_DEBUG_INFO = YES;
				ONLY_ACTIVE_ARCH = YES;
				SDKROOT = iphoneos;
			};
			name = Debug;
		};
		A31F0DBC214B307C00BA4C55 /* Release */ = {
			isa = XCBuildConfiguration;
			buildSettings = {
				ALWAYS_SEARCH_USER_PATHS = NO;
				CLANG_ANALYZER_NONNULL = YES;
				CLANG_ANALYZER_NUMBER_OBJECT_CONVERSION = YES_AGGRESSIVE;
				CLANG_CXX_LANGUAGE_STANDARD = "gnu++14";
				CLANG_CXX_LIBRARY = "libc++";
				CLANG_ENABLE_MODULES = YES;
				CLANG_ENABLE_OBJC_ARC = YES;
				CLANG_WARN_BLOCK_CAPTURE_AUTORELEASING = YES;
				CLANG_WARN_BOOL_CONVERSION = YES;
				CLANG_WARN_COMMA = YES;
				CLANG_WARN_CONSTANT_CONVERSION = YES;
				CLANG_WARN_DIRECT_OBJC_ISA_USAGE = YES_ERROR;
				CLANG_WARN_DOCUMENTATION_COMMENTS = YES;
				CLANG_WARN_EMPTY_BODY = YES;
				CLANG_WARN_ENUM_CONVERSION = YES;
				CLANG_WARN_INFINITE_RECURSION = YES;
				CLANG_WARN_INT_CONVERSION = YES;
				CLANG_WARN_NON_LITERAL_NULL_CONVERSION = YES;
				CLANG_WARN_OBJC_LITERAL_CONVERSION = YES;
				CLANG_WARN_OBJC_ROOT_CLASS = YES_ERROR;
				CLANG_WARN_RANGE_LOOP_ANALYSIS = YES;
				CLANG_WARN_STRICT_PROTOTYPES = YES;
				CLANG_WARN_SUSPICIOUS_MOVE = YES;
				CLANG_WARN_UNGUARDED_AVAILABILITY = YES_AGGRESSIVE;
				CLANG_WARN_UNREACHABLE_CODE = YES;
				CLANG_WARN__DUPLICATE_METHOD_MATCH = YES;
				CODE_SIGN_IDENTITY = "iPhone Developer";
				COPY_PHASE_STRIP = NO;
				DEBUG_INFORMATION_FORMAT = "dwarf-with-dsym";
				ENABLE_NS_ASSERTIONS = NO;
				ENABLE_STRICT_OBJC_MSGSEND = YES;
				GCC_C_LANGUAGE_STANDARD = gnu11;
				GCC_NO_COMMON_BLOCKS = YES;
				GCC_WARN_64_TO_32_BIT_CONVERSION = YES;
				GCC_WARN_ABOUT_RETURN_TYPE = YES_ERROR;
				GCC_WARN_UNDECLARED_SELECTOR = YES;
				GCC_WARN_UNINITIALIZED_AUTOS = YES_AGGRESSIVE;
				GCC_WARN_UNUSED_FUNCTION = YES;
				GCC_WARN_UNUSED_VARIABLE = YES;
				IPHONEOS_DEPLOYMENT_TARGET = 11.2;
				MTL_ENABLE_DEBUG_INFO = NO;
				SDKROOT = iphoneos;
				VALIDATE_PRODUCT = YES;
			};
			name = Release;
		};
		A31F0DBE214B307C00BA4C55 /* Debug */ = {
			isa = XCBuildConfiguration;
			baseConfigurationReference = 4F1BB08F2F90E599E52D7284 /* Pods-Scheduler.debug.xcconfig */;
			buildSettings = {
				ASSETCATALOG_COMPILER_APPICON_NAME = AppIcon;
				CODE_SIGN_STYLE = Automatic;
				DEVELOPMENT_TEAM = 3AJVT54BHW;
				INFOPLIST_FILE = Scheduler/Info.plist;
				LD_RUNPATH_SEARCH_PATHS = "$(inherited) @executable_path/Frameworks";
				PRODUCT_BUNDLE_IDENTIFIER = com.ruygonzalez.Scheduler;
				PRODUCT_NAME = "$(TARGET_NAME)";
				TARGETED_DEVICE_FAMILY = "1,2";
			};
			name = Debug;
		};
		A31F0DBF214B307C00BA4C55 /* Release */ = {
			isa = XCBuildConfiguration;
			baseConfigurationReference = 45420CC918DF59946451ADFE /* Pods-Scheduler.release.xcconfig */;
			buildSettings = {
				ASSETCATALOG_COMPILER_APPICON_NAME = AppIcon;
				CODE_SIGN_STYLE = Automatic;
				DEVELOPMENT_TEAM = 3AJVT54BHW;
				INFOPLIST_FILE = Scheduler/Info.plist;
				LD_RUNPATH_SEARCH_PATHS = "$(inherited) @executable_path/Frameworks";
				PRODUCT_BUNDLE_IDENTIFIER = com.ruygonzalez.Scheduler;
				PRODUCT_NAME = "$(TARGET_NAME)";
				TARGETED_DEVICE_FAMILY = "1,2";
			};
			name = Release;
		};
		A31F0DC1214B307C00BA4C55 /* Debug */ = {
			isa = XCBuildConfiguration;
			baseConfigurationReference = 77E9B279E5C74FEAAF73C6AE /* Pods-SchedulerTests.debug.xcconfig */;
			buildSettings = {
				BUNDLE_LOADER = "$(TEST_HOST)";
				CODE_SIGN_STYLE = Automatic;
				DEVELOPMENT_TEAM = 3AJVT54BHW;
				INFOPLIST_FILE = SchedulerTests/Info.plist;
				LD_RUNPATH_SEARCH_PATHS = "$(inherited) @executable_path/Frameworks @loader_path/Frameworks";
				PRODUCT_BUNDLE_IDENTIFIER = com.ruygonzalez.SchedulerTests;
				PRODUCT_NAME = "$(TARGET_NAME)";
				TARGETED_DEVICE_FAMILY = "1,2";
				TEST_HOST = "$(BUILT_PRODUCTS_DIR)/Scheduler.app/Scheduler";
			};
			name = Debug;
		};
		A31F0DC2214B307C00BA4C55 /* Release */ = {
			isa = XCBuildConfiguration;
			baseConfigurationReference = 25F8717646811C8B6AC25EB4 /* Pods-SchedulerTests.release.xcconfig */;
			buildSettings = {
				BUNDLE_LOADER = "$(TEST_HOST)";
				CODE_SIGN_STYLE = Automatic;
				DEVELOPMENT_TEAM = 3AJVT54BHW;
				INFOPLIST_FILE = SchedulerTests/Info.plist;
				LD_RUNPATH_SEARCH_PATHS = "$(inherited) @executable_path/Frameworks @loader_path/Frameworks";
				PRODUCT_BUNDLE_IDENTIFIER = com.ruygonzalez.SchedulerTests;
				PRODUCT_NAME = "$(TARGET_NAME)";
				TARGETED_DEVICE_FAMILY = "1,2";
				TEST_HOST = "$(BUILT_PRODUCTS_DIR)/Scheduler.app/Scheduler";
			};
			name = Release;
		};
		A31F0DC4214B307C00BA4C55 /* Debug */ = {
			isa = XCBuildConfiguration;
			baseConfigurationReference = 4228D73EDA216B4514CE974E /* Pods-SchedulerUITests.debug.xcconfig */;
			buildSettings = {
				CODE_SIGN_STYLE = Automatic;
				DEVELOPMENT_TEAM = 3AJVT54BHW;
				INFOPLIST_FILE = SchedulerUITests/Info.plist;
				LD_RUNPATH_SEARCH_PATHS = "$(inherited) @executable_path/Frameworks @loader_path/Frameworks";
				PRODUCT_BUNDLE_IDENTIFIER = com.ruygonzalez.SchedulerUITests;
				PRODUCT_NAME = "$(TARGET_NAME)";
				TARGETED_DEVICE_FAMILY = "1,2";
				TEST_TARGET_NAME = Scheduler;
			};
			name = Debug;
		};
		A31F0DC5214B307C00BA4C55 /* Release */ = {
			isa = XCBuildConfiguration;
			baseConfigurationReference = 730E15D81A631006C3322090 /* Pods-SchedulerUITests.release.xcconfig */;
			buildSettings = {
				CODE_SIGN_STYLE = Automatic;
				DEVELOPMENT_TEAM = 3AJVT54BHW;
				INFOPLIST_FILE = SchedulerUITests/Info.plist;
				LD_RUNPATH_SEARCH_PATHS = "$(inherited) @executable_path/Frameworks @loader_path/Frameworks";
				PRODUCT_BUNDLE_IDENTIFIER = com.ruygonzalez.SchedulerUITests;
				PRODUCT_NAME = "$(TARGET_NAME)";
				TARGETED_DEVICE_FAMILY = "1,2";
				TEST_TARGET_NAME = Scheduler;
			};
			name = Release;
		};
/* End XCBuildConfiguration section */

/* Begin XCConfigurationList section */
		A31F0D8C214B307C00BA4C55 /* Build configuration list for PBXProject "Scheduler" */ = {
			isa = XCConfigurationList;
			buildConfigurations = (
				A31F0DBB214B307C00BA4C55 /* Debug */,
				A31F0DBC214B307C00BA4C55 /* Release */,
			);
			defaultConfigurationIsVisible = 0;
			defaultConfigurationName = Release;
		};
		A31F0DBD214B307C00BA4C55 /* Build configuration list for PBXNativeTarget "Scheduler" */ = {
			isa = XCConfigurationList;
			buildConfigurations = (
				A31F0DBE214B307C00BA4C55 /* Debug */,
				A31F0DBF214B307C00BA4C55 /* Release */,
			);
			defaultConfigurationIsVisible = 0;
			defaultConfigurationName = Release;
		};
		A31F0DC0214B307C00BA4C55 /* Build configuration list for PBXNativeTarget "SchedulerTests" */ = {
			isa = XCConfigurationList;
			buildConfigurations = (
				A31F0DC1214B307C00BA4C55 /* Debug */,
				A31F0DC2214B307C00BA4C55 /* Release */,
			);
			defaultConfigurationIsVisible = 0;
			defaultConfigurationName = Release;
		};
		A31F0DC3214B307C00BA4C55 /* Build configuration list for PBXNativeTarget "SchedulerUITests" */ = {
			isa = XCConfigurationList;
			buildConfigurations = (
				A31F0DC4214B307C00BA4C55 /* Debug */,
				A31F0DC5214B307C00BA4C55 /* Release */,
			);
			defaultConfigurationIsVisible = 0;
			defaultConfigurationName = Release;
		};
/* End XCConfigurationList section */
	};
	rootObject = A31F0D89214B307C00BA4C55 /* Project object */;
}
